{
  "originHash" : "4bf0bc16729b497e5c1e7aaa1d8b4eb43e4c397c79855652a5c560c0404fb8f2",
  "pins" : [
    {
      "identity" : "deviceppi",
      "kind" : "remoteSourceControl",
      "location" : "https://github.com/Clafou/DevicePpi",
      "state" : {
        "revision" : "cacd00be51b2b0f1fe8df67f0411d24f72910b21",
        "version" : "1.2.18"
      }
    }
  ],
  "version" : 3
}
